// !$*UTF8*$!
{
	archiveVersion = 1;
	classes = {
	};
	objectVersion = 46;
	objects = {

/* Begin PBXBuildFile section */
		ED2D576B1F3517AC00285F2A /* SharedStyleKit.swift in Sources */ = {isa = PBXBuildFile; fileRef = ED2D576A1F3517AC00285F2A /* SharedStyleKit.swift */; };
		ED71D6D11F33930A0026D756 /* AppDelegate.swift in Sources */ = {isa = PBXBuildFile; fileRef = ED71D6D01F33930A0026D756 /* AppDelegate.swift */; };
		ED71D6D31F33930A0026D756 /* HomeViewController.swift in Sources */ = {isa = PBXBuildFile; fileRef = ED71D6D21F33930A0026D756 /* HomeViewController.swift */; };
		ED71D6D51F33930A0026D756 /* SecondViewController.swift in Sources */ = {isa = PBXBuildFile; fileRef = ED71D6D41F33930A0026D756 /* SecondViewController.swift */; };
		ED71D6D81F33930A0026D756 /* Main.storyboard in Resources */ = {isa = PBXBuildFile; fileRef = ED71D6D61F33930A0026D756 /* Main.storyboard */; };
		ED71D6DA1F33930A0026D756 /* Assets.xcassets in Resources */ = {isa = PBXBuildFile; fileRef = ED71D6D91F33930A0026D756 /* Assets.xcassets */; };
		ED71D6DD1F33930A0026D756 /* LaunchScreen.storyboard in Resources */ = {isa = PBXBuildFile; fileRef = ED71D6DB1F33930A0026D756 /* LaunchScreen.storyboard */; };
		ED71D6EF1F339F7C0026D756 /* Rubik-Black.ttf in Resources */ = {isa = PBXBuildFile; fileRef = ED71D6E51F339F7C0026D756 /* Rubik-Black.ttf */; };
		ED71D6F01F339F7C0026D756 /* Rubik-BlackItalic.ttf in Resources */ = {isa = PBXBuildFile; fileRef = ED71D6E61F339F7C0026D756 /* Rubik-BlackItalic.ttf */; };
		ED71D6F11F339F7C0026D756 /* Rubik-Bold.ttf in Resources */ = {isa = PBXBuildFile; fileRef = ED71D6E71F339F7C0026D756 /* Rubik-Bold.ttf */; };
		ED71D6F21F339F7C0026D756 /* Rubik-BoldItalic.ttf in Resources */ = {isa = PBXBuildFile; fileRef = ED71D6E81F339F7C0026D756 /* Rubik-BoldItalic.ttf */; };
		ED71D6F31F339F7C0026D756 /* Rubik-Italic.ttf in Resources */ = {isa = PBXBuildFile; fileRef = ED71D6E91F339F7C0026D756 /* Rubik-Italic.ttf */; };
		ED71D6F41F339F7C0026D756 /* Rubik-Light.ttf in Resources */ = {isa = PBXBuildFile; fileRef = ED71D6EA1F339F7C0026D756 /* Rubik-Light.ttf */; };
		ED71D6F51F339F7C0026D756 /* Rubik-LightItalic.ttf in Resources */ = {isa = PBXBuildFile; fileRef = ED71D6EB1F339F7C0026D756 /* Rubik-LightItalic.ttf */; };
		ED71D6F61F339F7C0026D756 /* Rubik-Medium.ttf in Resources */ = {isa = PBXBuildFile; fileRef = ED71D6EC1F339F7C0026D756 /* Rubik-Medium.ttf */; };
		ED71D6F71F339F7C0026D756 /* Rubik-MediumItalic.ttf in Resources */ = {isa = PBXBuildFile; fileRef = ED71D6ED1F339F7C0026D756 /* Rubik-MediumItalic.ttf */; };
		ED71D6F81F339F7C0026D756 /* Rubik-Regular.ttf in Resources */ = {isa = PBXBuildFile; fileRef = ED71D6EE1F339F7C0026D756 /* Rubik-Regular.ttf */; };
		ED71D6FB1F3400E50026D756 /* GradientNavigationBar.swift in Sources */ = {isa = PBXBuildFile; fileRef = ED71D6FA1F3400E50026D756 /* GradientNavigationBar.swift */; };
/* End PBXBuildFile section */

/* Begin PBXFileReference section */
		ED2D576A1F3517AC00285F2A /* SharedStyleKit.swift */ = {isa = PBXFileReference; fileEncoding = 4; lastKnownFileType = sourcecode.swift; name = SharedStyleKit.swift; path = Mimica/SharedStyleKit.swift; sourceTree = "<group>"; };
		ED71D6CD1F33930A0026D756 /* Mimica.app */ = {isa = PBXFileReference; explicitFileType = wrapper.application; includeInIndex = 0; path = Mimica.app; sourceTree = BUILT_PRODUCTS_DIR; };
		ED71D6D01F33930A0026D756 /* AppDelegate.swift */ = {isa = PBXFileReference; lastKnownFileType = sourcecode.swift; path = AppDelegate.swift; sourceTree = "<group>"; };
		ED71D6D21F33930A0026D756 /* HomeViewController.swift */ = {isa = PBXFileReference; lastKnownFileType = sourcecode.swift; path = HomeViewController.swift; sourceTree = "<group>"; };
		ED71D6D41F33930A0026D756 /* SecondViewController.swift */ = {isa = PBXFileReference; lastKnownFileType = sourcecode.swift; path = SecondViewController.swift; sourceTree = "<group>"; };
		ED71D6D71F33930A0026D756 /* Base */ = {isa = PBXFileReference; lastKnownFileType = file.storyboard; name = Base; path = Base.lproj/Main.storyboard; sourceTree = "<group>"; };
		ED71D6D91F33930A0026D756 /* Assets.xcassets */ = {isa = PBXFileReference; lastKnownFileType = folder.assetcatalog; name = Assets.xcassets; path = Mimica/Assets.xcassets; sourceTree = "<group>"; };
		ED71D6DC1F33930A0026D756 /* Base */ = {isa = PBXFileReference; lastKnownFileType = file.storyboard; name = Base; path = Base.lproj/LaunchScreen.storyboard; sourceTree = "<group>"; };
		ED71D6DE1F33930A0026D756 /* Info.plist */ = {isa = PBXFileReference; lastKnownFileType = text.plist.xml; path = Info.plist; sourceTree = "<group>"; };
		ED71D6E51F339F7C0026D756 /* Rubik-Black.ttf */ = {isa = PBXFileReference; lastKnownFileType = file; name = "Rubik-Black.ttf"; path = "../../Downloads/Rubik/Rubik-Black.ttf"; sourceTree = "<group>"; };
		ED71D6E61F339F7C0026D756 /* Rubik-BlackItalic.ttf */ = {isa = PBXFileReference; lastKnownFileType = file; name = "Rubik-BlackItalic.ttf"; path = "../../Downloads/Rubik/Rubik-BlackItalic.ttf"; sourceTree = "<group>"; };
		ED71D6E71F339F7C0026D756 /* Rubik-Bold.ttf */ = {isa = PBXFileReference; lastKnownFileType = file; name = "Rubik-Bold.ttf"; path = "../../Downloads/Rubik/Rubik-Bold.ttf"; sourceTree = "<group>"; };
		ED71D6E81F339F7C0026D756 /* Rubik-BoldItalic.ttf */ = {isa = PBXFileReference; lastKnownFileType = file; name = "Rubik-BoldItalic.ttf"; path = "../../Downloads/Rubik/Rubik-BoldItalic.ttf"; sourceTree = "<group>"; };
		ED71D6E91F339F7C0026D756 /* Rubik-Italic.ttf */ = {isa = PBXFileReference; lastKnownFileType = file; name = "Rubik-Italic.ttf"; path = "../../Downloads/Rubik/Rubik-Italic.ttf"; sourceTree = "<group>"; };
		ED71D6EA1F339F7C0026D756 /* Rubik-Light.ttf */ = {isa = PBXFileReference; lastKnownFileType = file; name = "Rubik-Light.ttf"; path = "../../Downloads/Rubik/Rubik-Light.ttf"; sourceTree = "<group>"; };
		ED71D6EB1F339F7C0026D756 /* Rubik-LightItalic.ttf */ = {isa = PBXFileReference; lastKnownFileType = file; name = "Rubik-LightItalic.ttf"; path = "../../Downloads/Rubik/Rubik-LightItalic.ttf"; sourceTree = "<group>"; };
		ED71D6EC1F339F7C0026D756 /* Rubik-Medium.ttf */ = {isa = PBXFileReference; lastKnownFileType = file; name = "Rubik-Medium.ttf"; path = "../../Downloads/Rubik/Rubik-Medium.ttf"; sourceTree = "<group>"; };
		ED71D6ED1F339F7C0026D756 /* Rubik-MediumItalic.ttf */ = {isa = PBXFileReference; lastKnownFileType = file; name = "Rubik-MediumItalic.ttf"; path = "../../Downloads/Rubik/Rubik-MediumItalic.ttf"; sourceTree = "<group>"; };
		ED71D6EE1F339F7C0026D756 /* Rubik-Regular.ttf */ = {isa = PBXFileReference; lastKnownFileType = file; name = "Rubik-Regular.ttf"; path = "../../Downloads/Rubik/Rubik-Regular.ttf"; sourceTree = "<group>"; };
		ED71D6FA1F3400E50026D756 /* GradientNavigationBar.swift */ = {isa = PBXFileReference; fileEncoding = 4; lastKnownFileType = sourcecode.swift; path = GradientNavigationBar.swift; sourceTree = "<group>"; };
/* End PBXFileReference section */

/* Begin PBXFrameworksBuildPhase section */
		ED71D6CA1F33930A0026D756 /* Frameworks */ = {
			isa = PBXFrameworksBuildPhase;
			buildActionMask = 2147483647;
			files = (
			);
			runOnlyForDeploymentPostprocessing = 0;
		};
/* End PBXFrameworksBuildPhase section */

/* Begin PBXGroup section */
		ED71D6C41F33930A0026D756 = {
			isa = PBXGroup;
			children = (
				ED71D6CF1F33930A0026D756 /* Mimica */,
				ED71D6CE1F33930A0026D756 /* Products */,
			);
			sourceTree = "<group>";
			usesTabs = 1;
		};
		ED71D6CE1F33930A0026D756 /* Products */ = {
			isa = PBXGroup;
			children = (
				ED71D6CD1F33930A0026D756 /* Mimica.app */,
			);
			name = Products;
			sourceTree = "<group>";
		};
		ED71D6CF1F33930A0026D756 /* Mimica */ = {
			isa = PBXGroup;
			children = (
				ED71D6D01F33930A0026D756 /* AppDelegate.swift */,
				ED71D6D21F33930A0026D756 /* HomeViewController.swift */,
				ED71D6D41F33930A0026D756 /* SecondViewController.swift */,
				ED71D6D61F33930A0026D756 /* Main.storyboard */,
				ED71D6DB1F33930A0026D756 /* LaunchScreen.storyboard */,
				ED71D6DE1F33930A0026D756 /* Info.plist */,
				ED71D6E41F339F5C0026D756 /* Resources */,
				ED71D6FC1F3401020026D756 /* View */,
			);
			path = Mimica;
			sourceTree = "<group>";
		};
		ED71D6E41F339F5C0026D756 /* Resources */ = {
			isa = PBXGroup;
			children = (
				ED2D576A1F3517AC00285F2A /* SharedStyleKit.swift */,
				ED71D6F91F33A09E0026D756 /* Rubik font */,
				ED71D6D91F33930A0026D756 /* Assets.xcassets */,
			);
			name = Resources;
			path = ..;
			sourceTree = "<group>";
		};
		ED71D6F91F33A09E0026D756 /* Rubik font */ = {
			isa = PBXGroup;
			children = (
				ED71D6E51F339F7C0026D756 /* Rubik-Black.ttf */,
				ED71D6E61F339F7C0026D756 /* Rubik-BlackItalic.ttf */,
				ED71D6E71F339F7C0026D756 /* Rubik-Bold.ttf */,
				ED71D6E81F339F7C0026D756 /* Rubik-BoldItalic.ttf */,
				ED71D6E91F339F7C0026D756 /* Rubik-Italic.ttf */,
				ED71D6EA1F339F7C0026D756 /* Rubik-Light.ttf */,
				ED71D6EB1F339F7C0026D756 /* Rubik-LightItalic.ttf */,
				ED71D6EC1F339F7C0026D756 /* Rubik-Medium.ttf */,
				ED71D6ED1F339F7C0026D756 /* Rubik-MediumItalic.ttf */,
				ED71D6EE1F339F7C0026D756 /* Rubik-Regular.ttf */,
			);
			name = "Rubik font";
			sourceTree = "<group>";
		};
		ED71D6FC1F3401020026D756 /* View */ = {
			isa = PBXGroup;
			children = (
				ED71D6FA1F3400E50026D756 /* GradientNavigationBar.swift */,
			);
			name = View;
			sourceTree = "<group>";
		};
/* End PBXGroup section */

/* Begin PBXNativeTarget section */
		ED71D6CC1F33930A0026D756 /* Mimica */ = {
			isa = PBXNativeTarget;
			buildConfigurationList = ED71D6E11F33930A0026D756 /* Build configuration list for PBXNativeTarget "Mimica" */;
			buildPhases = (
				ED71D6C91F33930A0026D756 /* Sources */,
				ED71D6CA1F33930A0026D756 /* Frameworks */,
				ED71D6CB1F33930A0026D756 /* Resources */,
			);
			buildRules = (
			);
			dependencies = (
			);
			name = Mimica;
			productName = Mimica;
			productReference = ED71D6CD1F33930A0026D756 /* Mimica.app */;
			productType = "com.apple.product-type.application";
		};
/* End PBXNativeTarget section */

/* Begin PBXProject section */
		ED71D6C51F33930A0026D756 /* Project object */ = {
			isa = PBXProject;
			attributes = {
				CLASSPREFIX = "";
				LastSwiftUpdateCheck = 0830;
				LastUpgradeCheck = 0830;
				ORGANIZATIONNAME = Mimica;
				TargetAttributes = {
					ED71D6CC1F33930A0026D756 = {
						CreatedOnToolsVersion = 8.3.3;
						DevelopmentTeam = S6T4VJ437P;
						ProvisioningStyle = Automatic;
					};
				};
			};
			buildConfigurationList = ED71D6C81F33930A0026D756 /* Build configuration list for PBXProject "Mimica" */;
			compatibilityVersion = "Xcode 3.2";
			developmentRegion = English;
			hasScannedForEncodings = 0;
			knownRegions = (
				en,
				Base,
			);
			mainGroup = ED71D6C41F33930A0026D756;
			productRefGroup = ED71D6CE1F33930A0026D756 /* Products */;
			projectDirPath = "";
			projectRoot = "";
			targets = (
				ED71D6CC1F33930A0026D756 /* Mimica */,
			);
		};
/* End PBXProject section */

/* Begin PBXResourcesBuildPhase section */
		ED71D6CB1F33930A0026D756 /* Resources */ = {
			isa = PBXResourcesBuildPhase;
			buildActionMask = 2147483647;
			files = (
				ED71D6F01F339F7C0026D756 /* Rubik-BlackItalic.ttf in Resources */,
				ED71D6F51F339F7C0026D756 /* Rubik-LightItalic.ttf in Resources */,
				ED71D6F11F339F7C0026D756 /* Rubik-Bold.ttf in Resources */,
				ED71D6DD1F33930A0026D756 /* LaunchScreen.storyboard in Resources */,
				ED71D6DA1F33930A0026D756 /* Assets.xcassets in Resources */,
				ED71D6F41F339F7C0026D756 /* Rubik-Light.ttf in Resources */,
				ED71D6F31F339F7C0026D756 /* Rubik-Italic.ttf in Resources */,
				ED71D6F71F339F7C0026D756 /* Rubik-MediumItalic.ttf in Resources */,
				ED71D6EF1F339F7C0026D756 /* Rubik-Black.ttf in Resources */,
				ED71D6F21F339F7C0026D756 /* Rubik-BoldItalic.ttf in Resources */,
				ED71D6F81F339F7C0026D756 /* Rubik-Regular.ttf in Resources */,
				ED71D6F61F339F7C0026D756 /* Rubik-Medium.ttf in Resources */,
				ED71D6D81F33930A0026D756 /* Main.storyboard in Resources */,
			);
			runOnlyForDeploymentPostprocessing = 0;
		};
/* End PBXResourcesBuildPhase section */

/* Begin PBXSourcesBuildPhase section */
		ED71D6C91F33930A0026D756 /* Sources */ = {
			isa = PBXSourcesBuildPhase;
			buildActionMask = 2147483647;
			files = (
				ED71D6D51F33930A0026D756 /* SecondViewController.swift in Sources */,
				ED71D6FB1F3400E50026D756 /* GradientNavigationBar.swift in Sources */,
				ED71D6D11F33930A0026D756 /* AppDelegate.swift in Sources */,
				ED2D576B1F3517AC00285F2A /* SharedStyleKit.swift in Sources */,
				ED71D6D31F33930A0026D756 /* HomeViewController.swift in Sources */,
			);
			runOnlyForDeploymentPostprocessing = 0;
		};
/* End PBXSourcesBuildPhase section */

/* Begin PBXVariantGroup section */
		ED71D6D61F33930A0026D756 /* Main.storyboard */ = {
			isa = PBXVariantGroup;
			children = (
				ED71D6D71F33930A0026D756 /* Base */,
			);
			name = Main.storyboard;
			sourceTree = "<group>";
		};
		ED71D6DB1F33930A0026D756 /* LaunchScreen.storyboard */ = {
			isa = PBXVariantGroup;
			children = (
				ED71D6DC1F33930A0026D756 /* Base */,
			);
			name = LaunchScreen.storyboard;
			sourceTree = "<group>";
		};
/* End PBXVariantGroup section */

/* Begin XCBuildConfiguration section */
		ED71D6DF1F33930A0026D756 /* Debug */ = {
			isa = XCBuildConfiguration;
			buildSettings = {
				ALWAYS_SEARCH_USER_PATHS = NO;
				CLANG_ANALYZER_NONNULL = YES;
				CLANG_ANALYZER_NUMBER_OBJECT_CONVERSION = YES_AGGRESSIVE;
				CLANG_CXX_LANGUAGE_STANDARD = "gnu++0x";
				CLANG_CXX_LIBRARY = "libc++";
				CLANG_ENABLE_MODULES = YES;
				CLANG_ENABLE_OBJC_ARC = YES;
				CLANG_WARN_BOOL_CONVERSION = YES;
				CLANG_WARN_CONSTANT_CONVERSION = YES;
				CLANG_WARN_DIRECT_OBJC_ISA_USAGE = YES_ERROR;
				CLANG_WARN_DOCUMENTATION_COMMENTS = YES;
				CLANG_WARN_EMPTY_BODY = YES;
				CLANG_WARN_ENUM_CONVERSION = YES;
				CLANG_WARN_INFINITE_RECURSION = YES;
				CLANG_WARN_INT_CONVERSION = YES;
				CLANG_WARN_OBJC_ROOT_CLASS = YES_ERROR;
				CLANG_WARN_SUSPICIOUS_MOVE = YES;
				CLANG_WARN_UNREACHABLE_CODE = YES;
				CLANG_WARN__DUPLICATE_METHOD_MATCH = YES;
				"CODE_SIGN_IDENTITY[sdk=iphoneos*]" = "iPhone Developer";
				COPY_PHASE_STRIP = NO;
				DEBUG_INFORMATION_FORMAT = dwarf;
				ENABLE_STRICT_OBJC_MSGSEND = YES;
				ENABLE_TESTABILITY = YES;
				GCC_C_LANGUAGE_STANDARD = gnu99;
				GCC_DYNAMIC_NO_PIC = NO;
				GCC_NO_COMMON_BLOCKS = YES;
				GCC_OPTIMIZATION_LEVEL = 0;
				GCC_PREPROCESSOR_DEFINITIONS = (
					"DEBUG=1",
					"$(inherited)",
				);
				GCC_WARN_64_TO_32_BIT_CONVERSION = YES;
				GCC_WARN_ABOUT_RETURN_TYPE = YES_ERROR;
				GCC_WARN_UNDECLARED_SELECTOR = YES;
				GCC_WARN_UNINITIALIZED_AUTOS = YES_AGGRESSIVE;
				GCC_WARN_UNUSED_FUNCTION = YES;
				GCC_WARN_UNUSED_VARIABLE = YES;
				IPHONEOS_DEPLOYMENT_TARGET = 10.3;
				MTL_ENABLE_DEBUG_INFO = YES;
				ONLY_ACTIVE_ARCH = YES;
				SDKROOT = iphoneos;
				SWIFT_ACTIVE_COMPILATION_CONDITIONS = DEBUG;
				SWIFT_OPTIMIZATION_LEVEL = "-Onone";
			};
			name = Debug;
		};
		ED71D6E01F33930A0026D756 /* Release */ = {
			isa = XCBuildConfiguration;
			buildSettings = {
				ALWAYS_SEARCH_USER_PATHS = NO;
				CLANG_ANALYZER_NONNULL = YES;
				CLANG_ANALYZER_NUMBER_OBJECT_CONVERSION = YES_AGGRESSIVE;
				CLANG_CXX_LANGUAGE_STANDARD = "gnu++0x";
				CLANG_CXX_LIBRARY = "libc++";
				CLANG_ENABLE_MODULES = YES;
				CLANG_ENABLE_OBJC_ARC = YES;
				CLANG_WARN_BOOL_CONVERSION = YES;
				CLANG_WARN_CONSTANT_CONVERSION = YES;
				CLANG_WARN_DIRECT_OBJC_ISA_USAGE = YES_ERROR;
				CLANG_WARN_DOCUMENTATION_COMMENTS = YES;
				CLANG_WARN_EMPTY_BODY = YES;
				CLANG_WARN_ENUM_CONVERSION = YES;
				CLANG_WARN_INFINITE_RECURSION = YES;
				CLANG_WARN_INT_CONVERSION = YES;
				CLANG_WARN_OBJC_ROOT_CLASS = YES_ERROR;
				CLANG_WARN_SUSPICIOUS_MOVE = YES;
				CLANG_WARN_UNREACHABLE_CODE = YES;
				CLANG_WARN__DUPLICATE_METHOD_MATCH = YES;
				"CODE_SIGN_IDENTITY[sdk=iphoneos*]" = "iPhone Developer";
				COPY_PHASE_STRIP = NO;
				DEBUG_INFORMATION_FORMAT = "dwarf-with-dsym";
				ENABLE_NS_ASSERTIONS = NO;
				ENABLE_STRICT_OBJC_MSGSEND = YES;
				GCC_C_LANGUAGE_STANDARD = gnu99;
				GCC_NO_COMMON_BLOCKS = YES;
				GCC_WARN_64_TO_32_BIT_CONVERSION = YES;
				GCC_WARN_ABOUT_RETURN_TYPE = YES_ERROR;
				GCC_WARN_UNDECLARED_SELECTOR = YES;
				GCC_WARN_UNINITIALIZED_AUTOS = YES_AGGRESSIVE;
				GCC_WARN_UNUSED_FUNCTION = YES;
				GCC_WARN_UNUSED_VARIABLE = YES;
				IPHONEOS_DEPLOYMENT_TARGET = 10.3;
				MTL_ENABLE_DEBUG_INFO = NO;
				SDKROOT = iphoneos;
				SWIFT_OPTIMIZATION_LEVEL = "-Owholemodule";
				VALIDATE_PRODUCT = YES;
			};
			name = Release;
		};
		ED71D6E21F33930A0026D756 /* Debug */ = {
			isa = XCBuildConfiguration;
			buildSettings = {
				ASSETCATALOG_COMPILER_APPICON_NAME = AppIcon;
				DEVELOPMENT_TEAM = S6T4VJ437P;
				INFOPLIST_FILE = Mimica/Info.plist;
				IPHONEOS_DEPLOYMENT_TARGET = 8.0;
				LD_RUNPATH_SEARCH_PATHS = "$(inherited) @executable_path/Frameworks";
				PRODUCT_BUNDLE_IDENTIFIER = by.bsuir.linnik.Mimica;
				PRODUCT_NAME = "$(TARGET_NAME)";
				SWIFT_VERSION = 3.0;
			};
			name = Debug;
		};
		ED71D6E31F33930A0026D756 /* Release */ = {
			isa = XCBuildConfiguration;
			buildSettings = {
				ASSETCATALOG_COMPILER_APPICON_NAME = AppIcon;
				DEVELOPMENT_TEAM = S6T4VJ437P;
				INFOPLIST_FILE = Mimica/Info.plist;
				IPHONEOS_DEPLOYMENT_TARGET = 8.0;
				LD_RUNPATH_SEARCH_PATHS = "$(inherited) @executable_path/Frameworks";
				PRODUCT_BUNDLE_IDENTIFIER = by.bsuir.linnik.Mimica;
				PRODUCT_NAME = "$(TARGET_NAME)";
				SWIFT_VERSION = 3.0;
			};
			name = Release;
		};
/* End XCBuildConfiguration section */

/* Begin XCConfigurationList section */
		ED71D6C81F33930A0026D756 /* Build configuration list for PBXProject "Mimica" */ = {
			isa = XCConfigurationList;
			buildConfigurations = (
				ED71D6DF1F33930A0026D756 /* Debug */,
				ED71D6E01F33930A0026D756 /* Release */,
			);
			defaultConfigurationIsVisible = 0;
			defaultConfigurationName = Release;
		};
		ED71D6E11F33930A0026D756 /* Build configuration list for PBXNativeTarget "Mimica" */ = {
			isa = XCConfigurationList;
			buildConfigurations = (
				ED71D6E21F33930A0026D756 /* Debug */,
				ED71D6E31F33930A0026D756 /* Release */,
			);
			defaultConfigurationIsVisible = 0;
			defaultConfigurationName = Release;
		};
/* End XCConfigurationList section */
	};
	rootObject = ED71D6C51F33930A0026D756 /* Project object */;
}
